{
  "version": 4,
  "terraform_version": "1.7.3",
  "serial": 102,
  "lineage": "df6f0e75-504b-056e-6728-1ad4a4841968",
  "outputs": {},
  "resources": [
    {
      "mode": "managed",
      "type": "google_compute_instance",
      "name": "default",
      "provider": "provider[\"registry.terraform.io/hashicorp/google\"]",
      "instances": [
        {
          "schema_version": 6,
          "attributes": {
            "advanced_machine_features": [],
            "allow_stopping_for_update": null,
            "attached_disk": [],
            "boot_disk": [
              {
                "auto_delete": true,
                "device_name": "persistent-disk-0",
                "disk_encryption_key_raw": "",
                "disk_encryption_key_sha256": "",
                "initialize_params": [
                  {
                    "enable_confidential_compute": false,
                    "image": "https://www.googleapis.com/compute/v1/projects/debian-cloud/global/images/debian-11-bullseye-v20240213",
                    "labels": {
                      "my_label": "value"
                    },
                    "provisioned_iops": 0,
                    "provisioned_throughput": 0,
                    "resource_manager_tags": {},
                    "size": 10,
                    "type": "pd-standard"
                  }
                ],
                "kms_key_self_link": "",
                "mode": "READ_WRITE",
                "source": "https://www.googleapis.com/compute/v1/projects/numeric-advice-342702/zones/us-central1-a/disks/soa-instance"
              }
            ],
            "can_ip_forward": false,
            "confidential_instance_config": [],
            "cpu_platform": "Intel Cascade Lake",
            "current_status": "RUNNING",
            "deletion_protection": false,
            "description": "",
            "desired_status": null,
            "effective_labels": {},
            "enable_display": false,
            "guest_accelerator": [],
            "hostname": "",
            "id": "projects/numeric-advice-342702/zones/us-central1-a/instances/soa-instance",
            "instance_id": "7553417080901156031",
            "label_fingerprint": "42WmSpB8rSM=",
            "labels": {},
            "machine_type": "n2-standard-2",
            "metadata": {
              "foo": "bar",
              "ssh-keys": "g3006137170101:ecdsa-sha2-nistp256 AAAAE2VjZHNhLXNoYTItbmlzdHAyNTYAAAAIbmlzdHAyNTYAAABBBFckBVUpl9zT6bE/tXT3k3oz+b9dJ10Hbf6q+yV9gXBhx0RniygkvsKqIb6uBZw419CyCUu3V/0Y0AD4DhBpmp4= google-ssh {\"userName\":\"3006137170101@ingenieria.usac.edu.gt\",\"expireOn\":\"2024-02-21T23:13:38+0000\"}\ng3006137170101:ssh-rsa AAAAB3NzaC1yc2EAAAADAQABAAABAGRV6Or/WWMStEHn6Zyt+EEvVIx6K0C5pKPbnHj/yXy4S7V6Cvx3ibL4+Q4BII6UOk4hRQSs02OC7Xdr/oWhsesJWlc8BT0MWvXBCU+7YLsYwyjZRpraAtZUsbl/pkHMVUWqPFysS5mH/nlIk9g3jZyhHX1e4Ek255XOSdRyhTLqnB0vva7LbRPC3X6FByYIpSfnsKsr/Y0ADWQpX8z1v27ctY/acSEFxseZzl9vuzXdNk/glKgwXocQo19uXl64mcRWZLZjMymjU3GNNRZ0MGxrl5no+i+IjoD7zmnlK6eLyZz9VRsr+065v5EEWCLEYTc1e1+PAi69JAcd4dkwLm0= google-ssh {\"userName\":\"3006137170101@ingenieria.usac.edu.gt\",\"expireOn\":\"2024-02-21T23:13:53+0000\"}"
            },
            "metadata_fingerprint": "p5MbkqLHu3A=",
            "metadata_startup_script": "#!/bin/bash\nsudo apt-get update\nsudo apt-get install -y git\nsudo git clone https://github.com/AngelArteaga1/-SA-Practica1_201901816.git /github\nsudo apt-get install -y ansible\nsudo ansible-playbook /github/ansible/playbook.yml\n",
            "min_cpu_platform": "",
            "name": "soa-instance",
            "network_interface": [
              {
                "access_config": [
                  {
                    "nat_ip": "34.29.41.166",
                    "network_tier": "PREMIUM",
                    "public_ptr_domain_name": ""
                  }
                ],
                "alias_ip_range": [],
                "internal_ipv6_prefix_length": 0,
                "ipv6_access_config": [],
                "ipv6_access_type": "",
                "ipv6_address": "",
                "name": "nic0",
                "network": "https://www.googleapis.com/compute/v1/projects/numeric-advice-342702/global/networks/default",
                "network_ip": "10.128.0.19",
                "nic_type": "",
                "queue_count": 0,
                "stack_type": "IPV4_ONLY",
                "subnetwork": "https://www.googleapis.com/compute/v1/projects/numeric-advice-342702/regions/us-central1/subnetworks/default",
                "subnetwork_project": "numeric-advice-342702"
              }
            ],
            "network_performance_config": [],
            "params": [],
            "project": "numeric-advice-342702",
            "reservation_affinity": [],
            "resource_policies": [],
            "scheduling": [
              {
                "automatic_restart": true,
                "instance_termination_action": "",
                "local_ssd_recovery_timeout": [],
                "min_node_cpus": 0,
                "node_affinities": [],
                "on_host_maintenance": "MIGRATE",
                "preemptible": false,
                "provisioning_model": "STANDARD"
              }
            ],
            "scratch_disk": [
              {
                "device_name": "local-ssd-0",
                "interface": "NVME",
                "size": 375
              }
            ],
            "self_link": "https://www.googleapis.com/compute/v1/projects/numeric-advice-342702/zones/us-central1-a/instances/soa-instance",
            "service_account": [
              {
                "email": "568777723146-compute@developer.gserviceaccount.com",
                "scopes": [
                  "https://www.googleapis.com/auth/cloud-platform"
                ]
              }
            ],
            "shielded_instance_config": [
              {
                "enable_integrity_monitoring": true,
                "enable_secure_boot": false,
                "enable_vtpm": true
              }
            ],
            "tags": [
              "bar",
              "foo"
            ],
            "tags_fingerprint": "1gqCRgrww4E=",
            "terraform_labels": {},
            "timeouts": null,
            "zone": "us-central1-a"
          },
          "sensitive_attributes": [],
          "private": "eyJlMmJmYjczMC1lY2FhLTExZTYtOGY4OC0zNDM2M2JjN2M0YzAiOnsiY3JlYXRlIjoxMjAwMDAwMDAwMDAwLCJkZWxldGUiOjEyMDAwMDAwMDAwMDAsInVwZGF0ZSI6MTIwMDAwMDAwMDAwMH0sInNjaGVtYV92ZXJzaW9uIjoiNiJ9"
        }
      ]
    }
  ],
  "check_results": null
}
